
Microsoft Visual Studio Solution File, Format Version 12.00
# Visual Studio Version 16
VisualStudioVersion = 16.0.29411.138
MinimumVisualStudioVersion = 10.0.40219.1
Project("{FAE04EC0-301F-11D3-BF4B-00C04F79EFBC}") = "Maxs_Gorn", "Maxs_Gorn\Maxs_Gorn.csproj", "{A8E363E2-794C-4848-99BE-50C42BF03845}"
EndProject
Project("{FAE04EC0-301F-11D3-BF4B-00C04F79EFBC}") = "WindowsFormsApp1", "WindowsFormsApp1\WindowsFormsApp1.csproj", "{8539168A-AEA9-4F57-8710-A78D809B33A2}"
EndProject
Global
	GlobalSection(SolutionConfigurationPlatforms) = preSolution
		Debug|Any CPU = Debug|Any CPU
		Release|Any CPU = Release|Any CPU
	EndGlobalSection
	GlobalSection(ProjectConfigurationPlatforms) = postSolution
		{A8E363E2-794C-4848-99BE-50C42BF03845}.Debug|Any CPU.ActiveCfg = Debug|Any CPU
		{A8E363E2-794C-4848-99BE-50C42BF03845}.Debug|Any CPU.Build.0 = Debug|Any CPU
		{A8E363E2-794C-4848-99BE-50C42BF03845}.Release|Any CPU.ActiveCfg = Release|Any CPU
		{A8E363E2-794C-4848-99BE-50C42BF03845}.Release|Any CPU.Build.0 = Release|Any CPU
		{8539168A-AEA9-4F57-8710-A78D809B33A2}.Debug|Any CPU.ActiveCfg = Debug|Any CPU
		{8539168A-AEA9-4F57-8710-A78D809B33A2}.Debug|Any CPU.Build.0 = Debug|Any CPU
		{8539168A-AEA9-4F57-8710-A78D809B33A2}.Release|Any CPU.ActiveCfg = Release|Any CPU
		{8539168A-AEA9-4F57-8710-A78D809B33A2}.Release|Any CPU.Build.0 = Release|Any CPU
	EndGlobalSection
	GlobalSection(SolutionProperties) = preSolution
		HideSolutionNode = FALSE
	EndGlobalSection
	GlobalSection(ExtensibilityGlobals) = postSolution
		SolutionGuid = {EBD7C97B-4D08-4AD9-8226-633388A12F7F}
	EndGlobalSection
EndGlobal
